# THIS IS AN AUTOGENERATED FILE. DO NOT EDIT THIS FILE DIRECTLY.
# yarn lockfile v1


accepts@^1.2.2:
  version "1.3.3"
  resolved "https://r.cnpmjs.org/accepts/download/accepts-1.3.3.tgz#c3ca7434938648c3e0d9c1e328dd68b622c284ca"
  dependencies:
    mime-types "~2.1.11"
    negotiator "0.6.1"

acorn-jsx@^3.0.0:
  version "3.0.1"
  resolved "https://r.cnpmjs.org/acorn-jsx/download/acorn-jsx-3.0.1.tgz#afdf9488fb1ecefc8348f6fb22f464e32a58b36b"
  dependencies:
    acorn "^3.0.4"

acorn@4.0.4:
  version "4.0.4"
  resolved "https://r.cnpmjs.org/acorn/download/acorn-4.0.4.tgz#17a8d6a7a6c4ef538b814ec9abac2779293bf30a"

acorn@^3.0.4:
  version "3.3.0"
  resolved "https://r.cnpmjs.org/acorn/download/acorn-3.3.0.tgz#45e37fb39e8da3f25baee3ff5369e2bb5f22017a"

ajv-keywords@^1.0.0:
  version "1.5.1"
  resolved "https://r.cnpmjs.org/ajv-keywords/download/ajv-keywords-1.5.1.tgz#314dd0a4b3368fad3dfcdc54ede6171b886daf3c"

ajv@^4.7.0:
  version "4.11.5"
  resolved "https://r.cnpmjs.org/ajv/download/ajv-4.11.5.tgz#b6ee74657b993a01dce44b7944d56f485828d5bd"
  dependencies:
    co "^4.6.0"
    json-stable-stringify "^1.0.1"

ansi-escapes@^1.1.0:
  version "1.4.0"
  resolved "https://r.cnpmjs.org/ansi-escapes/download/ansi-escapes-1.4.0.tgz#d3a8a83b319aa67793662b13e761c7911422306e"

ansi-regex@^2.0.0:
  version "2.1.1"
  resolved "https://r.cnpmjs.org/ansi-regex/download/ansi-regex-2.1.1.tgz#c3b33ab5ee360d86e0e628f0468ae7ef27d654df"

ansi-styles@^2.2.1:
  version "2.2.1"
  resolved "https://r.cnpmjs.org/ansi-styles/download/ansi-styles-2.2.1.tgz#b432dd3358b634cf75e1e4664368240533c1ddbe"

antsort@~1.1.2:
  version "1.1.2"
  resolved "https://r.cnpmjs.org/antsort/download/antsort-1.1.2.tgz#d4cd0238729b9a4d873870d7b4553c8fda5ac127"

any-promise@^1.0.0, any-promise@^1.1.0:
  version "1.3.0"
  resolved "https://r.cnpmjs.org/any-promise/download/any-promise-1.3.0.tgz#abc6afeedcea52e809cdc0376aed3ce39635d17f"

argparse@^1.0.7:
  version "1.0.9"
  resolved "https://r.cnpmjs.org/argparse/download/argparse-1.0.9.tgz#73d83bc263f86e97f8cc4f6bae1b0e90a7d22c86"
  dependencies:
    sprintf-js "~1.0.2"

array-union@^1.0.1:
  version "1.0.2"
  resolved "https://r.cnpmjs.org/array-union/download/array-union-1.0.2.tgz#9a34410e4f4e3da23dea375be5be70f24778ec39"
  dependencies:
    array-uniq "^1.0.1"

array-uniq@^1.0.1:
  version "1.0.3"
  resolved "https://r.cnpmjs.org/array-uniq/download/array-uniq-1.0.3.tgz#af6ac877a25cc7f74e058894753858dfdb24fdb6"

arrify@^1.0.0:
  version "1.0.1"
  resolved "https://r.cnpmjs.org/arrify/download/arrify-1.0.1.tgz#898508da2226f380df904728456849c1501a4b0d"

art-template-for-plover@~3.6.1:
  version "3.6.1"
  resolved "https://r.cnpmjs.org/art-template-for-plover/download/art-template-for-plover-3.6.1.tgz#fb7c393ff49ad87e1ca9d052d8a7a7fb65321745"

balanced-match@^0.4.1:
  version "0.4.2"
  resolved "https://r.cnpmjs.org/balanced-match/download/balanced-match-0.4.2.tgz#cb3f3e3c732dc0f01ee70b403f302e61d7709838"

bindings@^1.2.1:
  version "1.2.1"
  resolved "https://r.cnpmjs.org/bindings/download/bindings-1.2.1.tgz#14ad6113812d2d37d72e67b4cacb4bb726505f11"

bluebird@~3.4.6:
  version "3.4.7"
  resolved "https://r.cnpmjs.org/bluebird/download/bluebird-3.4.7.tgz#f72d760be09b7f76d08ed8fae98b289a8d05fab3"

brace-expansion@^1.0.0:
  version "1.1.6"
  resolved "https://r.cnpmjs.org/brace-expansion/download/brace-expansion-1.1.6.tgz#7197d7eaa9b87e648390ea61fc66c84427420df9"
  dependencies:
    balanced-match "^0.4.1"
    concat-map "0.0.1"

buffer-shims@^1.0.0:
  version "1.0.0"
  resolved "https://r.cnpmjs.org/buffer-shims/download/buffer-shims-1.0.0.tgz#9978ce317388c649ad8793028c3477ef044a8b51"

bytes@2.4.0:
  version "2.4.0"
  resolved "https://r.cnpmjs.org/bytes/download/bytes-2.4.0.tgz#7d97196f9d5baf7f6935e25985549edd2a6c2339"

caller-path@^0.1.0:
  version "0.1.0"
  resolved "https://r.cnpmjs.org/caller-path/download/caller-path-0.1.0.tgz#94085ef63581ecd3daa92444a8fe94e82577751f"
  dependencies:
    callsites "^0.2.0"

callsites@^0.2.0:
  version "0.2.0"
  resolved "https://r.cnpmjs.org/callsites/download/callsites-0.2.0.tgz#afab96262910a7f33c19a5775825c69f34e350ca"

chalk@^1.0.0, chalk@^1.1.1, chalk@^1.1.3:
  version "1.1.3"
  resolved "https://r.cnpmjs.org/chalk/download/chalk-1.1.3.tgz#a8115c55e4a702fe4d150abd3872822a7e09fc98"
  dependencies:
    ansi-styles "^2.2.1"
    escape-string-regexp "^1.0.2"
    has-ansi "^2.0.0"
    strip-ansi "^3.0.0"
    supports-color "^2.0.0"

circular-json@^0.3.1:
  version "0.3.1"
  resolved "https://r.cnpmjs.org/circular-json/download/circular-json-0.3.1.tgz#be8b36aefccde8b3ca7aa2d6afc07a37242c0d2d"

cli-cursor@^1.0.1:
  version "1.0.2"
  resolved "https://r.cnpmjs.org/cli-cursor/download/cli-cursor-1.0.2.tgz#64da3f7d56a54412e59794bd62dc35295e8f2987"
  dependencies:
    restore-cursor "^1.0.1"

cli-width@^2.0.0:
  version "2.1.0"
  resolved "https://r.cnpmjs.org/cli-width/download/cli-width-2.1.0.tgz#b234ca209b29ef66fc518d9b98d5847b00edf00a"

co-body@^4.2.0:
  version "4.2.0"
  resolved "https://r.cnpmjs.org/co-body/download/co-body-4.2.0.tgz#74df20fa73262125dc45482af04e342ea8db3515"
  dependencies:
    inflation "~2.0.0"
    qs "~4.0.0"
    raw-body "~2.1.2"
    type-is "~1.6.6"

co-redis@~2.1.1:
  version "2.1.1"
  resolved "https://r.cnpmjs.org/co-redis/download/co-redis-2.1.1.tgz#8bc3717977c9ee5bfb6b28f39ae01bcf724d2dde"
  dependencies:
    es6-promisify "^4.1.0"

co@^4.0.2, co@^4.4.0, co@^4.6.0, co@~4.6.0:
  version "4.6.0"
  resolved "https://r.cnpmjs.org/co/download/co-4.6.0.tgz#6ea6bdf3d853ae54ccb8e47bfa0bf3f9031fb184"

code-point-at@^1.0.0:
  version "1.1.0"
  resolved "https://r.cnpmjs.org/code-point-at/download/code-point-at-1.1.0.tgz#0d070b4d043a5bea33a2f1a40e2edb3d9a4ccf77"

commander@~2.9.0:
  version "2.9.0"
  resolved "https://r.cnpmjs.org/commander/download/commander-2.9.0.tgz#9c99094176e12240cb22d6c5146098400fe0f7d4"
  dependencies:
    graceful-readlink ">= 1.0.0"

composition@^2.1.1:
  version "2.3.0"
  resolved "https://r.cnpmjs.org/composition/download/composition-2.3.0.tgz#742805374cab550c520a33662f5a732e0208d6f2"
  dependencies:
    any-promise "^1.1.0"
    co "^4.0.2"

concat-map@0.0.1:
  version "0.0.1"
  resolved "https://r.cnpmjs.org/concat-map/download/concat-map-0.0.1.tgz#d8a96bd77fd68df7793a73036a3ba0d5405d477b"

concat-stream@^1.4.6:
  version "1.6.0"
  resolved "https://r.cnpmjs.org/concat-stream/download/concat-stream-1.6.0.tgz#0aac662fd52be78964d5532f694784e70110acf7"
  dependencies:
    inherits "^2.0.3"
    readable-stream "^2.2.2"
    typedarray "^0.0.6"

content-disposition@~0.5.0:
  version "0.5.2"
  resolved "https://r.cnpmjs.org/content-disposition/download/content-disposition-0.5.2.tgz#0cf68bb9ddf5f2be7961c3a85178cb85dba78cb4"

content-type@^1.0.0:
  version "1.0.2"
  resolved "https://r.cnpmjs.org/content-type/download/content-type-1.0.2.tgz#b7d113aee7a8dd27bd21133c4dc2529df1721eed"

cookies@~0.6.1:
  version "0.6.2"
  resolved "https://r.cnpmjs.org/cookies/download/cookies-0.6.2.tgz#6ac1b052895208e8fc4c4f5f86a9ed31b9cb5ccf"
  dependencies:
    depd "~1.1.0"
    keygrip "~1.0.1"

copy-to@^2.0.1, copy-to@~2.0.1:
  version "2.0.1"
  resolved "https://r.cnpmjs.org/copy-to/download/copy-to-2.0.1.tgz#2680fbb8068a48d08656b6098092bdafc906f4a5"

core-util-is@~1.0.0, core-util-is@~1.0.1:
  version "1.0.2"
  resolved "https://r.cnpmjs.org/core-util-is/download/core-util-is-1.0.2.tgz#b5fd54220aa2bc5ab57aab7140c940754503c1a7"

crc@~3.4.0:
  version "3.4.4"
  resolved "https://r.cnpmjs.org/crc/download/crc-3.4.4.tgz#9da1e980e3bd44fc5c93bf5ab3da3378d85e466b"

create-tag@~0.2.0:
  version "0.2.0"
  resolved "https://r.cnpmjs.org/create-tag/download/create-tag-0.2.0.tgz#a84e1d8600887d966a7c6179a4ccf53ec828044d"
  dependencies:
    escape-html "~1.0.3"

csrf@^3.0.0:
  version "3.0.6"
  resolved "https://r.cnpmjs.org/csrf/download/csrf-3.0.6.tgz#b61120ddceeafc91e76ed5313bb5c0b2667b710a"
  dependencies:
    rndm "1.2.0"
    tsscmp "1.0.5"
    uid-safe "2.1.4"

d@1:
  version "1.0.0"
  resolved "https://r.cnpmjs.org/d/download/d-1.0.0.tgz#754bb5bfe55451da69a58b94d45f4c5b0462d58f"
  dependencies:
    es5-ext "^0.10.9"

debug@*, debug@^2.1.1, debug@^2.2.0, debug@~2.6.1:
  version "2.6.3"
  resolved "https://r.cnpmjs.org/debug/download/debug-2.6.3.tgz#0f7eb8c30965ec08c72accfa0130c8b79984141d"
  dependencies:
    ms "0.7.2"

debug@~2.2.0:
  version "2.2.0"
  resolved "https://r.cnpmjs.org/debug/download/debug-2.2.0.tgz#f87057e995b1a1f6ae6a4960664137bc56f039da"
  dependencies:
    ms "0.7.1"

debug@~2.3.3:
  version "2.3.3"
  resolved "https://r.cnpmjs.org/debug/download/debug-2.3.3.tgz#40c453e67e6e13c901ddec317af8986cda9eff8c"
  dependencies:
    ms "0.7.2"

deep-equal@^1.0.0, deep-equal@~1.0.0:
  version "1.0.1"
  resolved "https://r.cnpmjs.org/deep-equal/download/deep-equal-1.0.1.tgz#f5d260292b660e084eff4cdbc9f08ad3247448b5"

deep-is@~0.1.3:
  version "0.1.3"
  resolved "https://r.cnpmjs.org/deep-is/download/deep-is-0.1.3.tgz#b369d6fb5dbc13eecf524f91b070feedc357cf34"

del@^2.0.2:
  version "2.2.2"
  resolved "https://r.cnpmjs.org/del/download/del-2.2.2.tgz#c12c981d067846c84bcaf862cff930d907ffd1a8"
  dependencies:
    globby "^5.0.0"
    is-path-cwd "^1.0.0"
    is-path-in-cwd "^1.0.0"
    object-assign "^4.0.1"
    pify "^2.0.0"
    pinkie-promise "^2.0.0"
    rimraf "^2.2.8"

delegates@^1.0.0, delegates@~1.0.0:
  version "1.0.0"
  resolved "https://r.cnpmjs.org/delegates/download/delegates-1.0.0.tgz#84c6e159b81904fdca59a0ef44cd870d31250f9a"

depd@1.1.0, depd@~1.1.0:
  version "1.1.0"
  resolved "https://r.cnpmjs.org/depd/download/depd-1.1.0.tgz#e1bd82c6aab6ced965b97b88b17ed3e528ca18c3"

destroy@^1.0.3:
  version "1.0.4"
  resolved "https://r.cnpmjs.org/destroy/download/destroy-1.0.4.tgz#978857442c44749e4206613e37946205826abd80"

doctrine@^1.2.2:
  version "1.5.0"
  resolved "https://r.cnpmjs.org/doctrine/download/doctrine-1.5.0.tgz#379dce730f6166f76cefa4e6707a159b02c5a6fa"
  dependencies:
    esutils "^2.0.2"
    isarray "^1.0.0"

double-ended-queue@^2.1.0-0:
  version "2.1.0-0"
  resolved "https://r.cnpmjs.org/double-ended-queue/download/double-ended-queue-2.1.0-0.tgz#103d3527fd31528f40188130c841efdd78264e5c"

ee-first@1.1.1:
  version "1.1.1"
  resolved "https://r.cnpmjs.org/ee-first/download/ee-first-1.1.1.tgz#590c61156b0ae2f4f0255732a158b266bc56b21d"

ejs@~2.5.2:
  version "2.5.6"
  resolved "https://r.cnpmjs.org/ejs/download/ejs-2.5.6.tgz#479636bfa3fe3b1debd52087f0acb204b4f19c88"

error-inject@~1.0.0:
  version "1.0.0"
  resolved "https://r.cnpmjs.org/error-inject/download/error-inject-1.0.0.tgz#e2b3d91b54aed672f309d950d154850fa11d4f37"

es5-ext@^0.10.14, es5-ext@^0.10.9, es5-ext@~0.10.14:
  version "0.10.15"
  resolved "https://r.cnpmjs.org/es5-ext/download/es5-ext-0.10.15.tgz#c330a5934c1ee21284a7c081a86e5fd937c91ea6"
  dependencies:
    es6-iterator "2"
    es6-symbol "~3.1"

es6-iterator@2, es6-iterator@^2.0.1, es6-iterator@~2.0.1:
  version "2.0.1"
  resolved "https://r.cnpmjs.org/es6-iterator/download/es6-iterator-2.0.1.tgz#8e319c9f0453bf575d374940a655920e59ca5512"
  dependencies:
    d "1"
    es5-ext "^0.10.14"
    es6-symbol "^3.1"

es6-map@^0.1.3:
  version "0.1.5"
  resolved "https://r.cnpmjs.org/es6-map/download/es6-map-0.1.5.tgz#9136e0503dcc06a301690f0bb14ff4e364e949f0"
  dependencies:
    d "1"
    es5-ext "~0.10.14"
    es6-iterator "~2.0.1"
    es6-set "~0.1.5"
    es6-symbol "~3.1.1"
    event-emitter "~0.3.5"

es6-promise@^3.2.1:
  version "3.3.1"
  resolved "https://r.cnpmjs.org/es6-promise/download/es6-promise-3.3.1.tgz#a08cdde84ccdbf34d027a1451bc91d4bcd28a613"

es6-promisify@^4.1.0:
  version "4.1.0"
  resolved "https://r.cnpmjs.org/es6-promisify/download/es6-promisify-4.1.0.tgz#dbcc1a3e93fdb8e9e709744182b7d2080c03fdb3"
  dependencies:
    es6-promise "^3.2.1"

es6-set@~0.1.5:
  version "0.1.5"
  resolved "https://r.cnpmjs.org/es6-set/download/es6-set-0.1.5.tgz#d2b3ec5d4d800ced818db538d28974db0a73ccb1"
  dependencies:
    d "1"
    es5-ext "~0.10.14"
    es6-iterator "~2.0.1"
    es6-symbol "3.1.1"
    event-emitter "~0.3.5"

es6-symbol@3.1.1, es6-symbol@^3.1, es6-symbol@^3.1.1, es6-symbol@~3.1, es6-symbol@~3.1.1:
  version "3.1.1"
  resolved "https://r.cnpmjs.org/es6-symbol/download/es6-symbol-3.1.1.tgz#bf00ef4fdab6ba1b46ecb7b629b4c7ed5715cc77"
  dependencies:
    d "1"
    es5-ext "~0.10.14"

es6-weak-map@^2.0.1:
  version "2.0.2"
  resolved "https://r.cnpmjs.org/es6-weak-map/download/es6-weak-map-2.0.2.tgz#5e3ab32251ffd1538a1f8e5ffa1357772f92d96f"
  dependencies:
    d "1"
    es5-ext "^0.10.14"
    es6-iterator "^2.0.1"
    es6-symbol "^3.1.1"

escape-html@~1.0.1, escape-html@~1.0.3:
  version "1.0.3"
  resolved "https://r.cnpmjs.org/escape-html/download/escape-html-1.0.3.tgz#0258eae4d3d0c0974de1c169188ef0051d1d1988"

escape-string-regexp@^1.0.2, escape-string-regexp@^1.0.5:
  version "1.0.5"
  resolved "https://r.cnpmjs.org/escape-string-regexp/download/escape-string-regexp-1.0.5.tgz#1b61c0562190a8dff6ae3bb2cf0200ca130b86d4"

escope@^3.6.0:
  version "3.6.0"
  resolved "https://r.cnpmjs.org/escope/download/escope-3.6.0.tgz#e01975e812781a163a6dadfdd80398dc64c889c3"
  dependencies:
    es6-map "^0.1.3"
    es6-weak-map "^2.0.1"
    esrecurse "^4.1.0"
    estraverse "^4.1.1"

eslint-config-bce@~1.3.0:
  version "1.3.0"
  resolved "https://r.cnpmjs.org/eslint-config-bce/download/eslint-config-bce-1.3.0.tgz#32fdb1e65d7121122a21b2028f26728fe3bf6757"

eslint@~3.8.0:
  version "3.8.1"
  resolved "https://r.cnpmjs.org/eslint/download/eslint-3.8.1.tgz#7d02db44cd5aaf4fa7aa489e1f083baa454342ba"
  dependencies:
    chalk "^1.1.3"
    concat-stream "^1.4.6"
    debug "^2.1.1"
    doctrine "^1.2.2"
    escope "^3.6.0"
    espree "^3.3.1"
    estraverse "^4.2.0"
    esutils "^2.0.2"
    file-entry-cache "^2.0.0"
    glob "^7.0.3"
    globals "^9.2.0"
    ignore "^3.1.5"
    imurmurhash "^0.1.4"
    inquirer "^0.12.0"
    is-my-json-valid "^2.10.0"
    is-resolvable "^1.0.0"
    js-yaml "^3.5.1"
    json-stable-stringify "^1.0.0"
    levn "^0.3.0"
    lodash "^4.0.0"
    mkdirp "^0.5.0"
    natural-compare "^1.4.0"
    optionator "^0.8.2"
    path-is-inside "^1.0.1"
    pluralize "^1.2.1"
    progress "^1.1.8"
    require-uncached "^1.0.2"
    shelljs "^0.6.0"
    strip-bom "^3.0.0"
    strip-json-comments "~1.0.1"
    table "^3.7.8"
    text-table "~0.2.0"
    user-home "^2.0.0"

espree@^3.3.1:
  version "3.4.0"
  resolved "https://r.cnpmjs.org/espree/download/espree-3.4.0.tgz#41656fa5628e042878025ef467e78f125cb86e1d"
  dependencies:
    acorn "4.0.4"
    acorn-jsx "^3.0.0"

esprima@^3.1.1:
  version "3.1.3"
  resolved "https://r.cnpmjs.org/esprima/download/esprima-3.1.3.tgz#fdca51cee6133895e3c88d535ce49dbff62a4633"

esrecurse@^4.1.0:
  version "4.1.0"
  resolved "https://r.cnpmjs.org/esrecurse/download/esrecurse-4.1.0.tgz#4713b6536adf7f2ac4f327d559e7756bff648220"
  dependencies:
    estraverse "~4.1.0"
    object-assign "^4.0.1"

estraverse@^4.1.1, estraverse@^4.2.0:
  version "4.2.0"
  resolved "https://r.cnpmjs.org/estraverse/download/estraverse-4.2.0.tgz#0dee3fed31fcd469618ce7342099fc1afa0bdb13"

estraverse@~4.1.0:
  version "4.1.1"
  resolved "https://r.cnpmjs.org/estraverse/download/estraverse-4.1.1.tgz#f6caca728933a850ef90661d0e17982ba47111a2"

esutils@^2.0.2:
  version "2.0.2"
  resolved "https://r.cnpmjs.org/esutils/download/esutils-2.0.2.tgz#0abf4f1caa5bcb1f7a9d8acc6dea4faaa04bac9b"

etag@^1.3.0, etag@^1.5.1:
  version "1.8.0"
  resolved "https://r.cnpmjs.org/etag/download/etag-1.8.0.tgz#6f631aef336d6c46362b51764044ce216be3c051"

event-emitter@~0.3.5:
  version "0.3.5"
  resolved "https://r.cnpmjs.org/event-emitter/download/event-emitter-0.3.5.tgz#df8c69eef1647923c7157b9ce83840610b02cc39"
  dependencies:
    d "1"
    es5-ext "~0.10.14"

exit-hook@^1.0.0:
  version "1.1.1"
  resolved "https://r.cnpmjs.org/exit-hook/download/exit-hook-1.1.1.tgz#f05ca233b48c05d54fff07765df8507e95c02ff8"

extend@~3.0.0:
  version "3.0.0"
  resolved "https://r.cnpmjs.org/extend/download/extend-3.0.0.tgz#5a474353b9f3353ddd8176dfd37b91c83a46f1d4"

fast-levenshtein@~2.0.4:
  version "2.0.6"
  resolved "https://r.cnpmjs.org/fast-levenshtein/download/fast-levenshtein-2.0.6.tgz#3d8a5c66883a16a30ca8643e851f19baa7797917"

figures@^1.3.5:
  version "1.7.0"
  resolved "https://r.cnpmjs.org/figures/download/figures-1.7.0.tgz#cbe1e3affcf1cd44b80cadfed28dc793a9701d2e"
  dependencies:
    escape-string-regexp "^1.0.5"
    object-assign "^4.1.0"

file-entry-cache@^2.0.0:
  version "2.0.0"
  resolved "https://r.cnpmjs.org/file-entry-cache/download/file-entry-cache-2.0.0.tgz#c392990c3e684783d838b8c84a45d8a048458361"
  dependencies:
    flat-cache "^1.2.1"
    object-assign "^4.0.1"

flat-cache@^1.2.1:
  version "1.2.2"
  resolved "https://r.cnpmjs.org/flat-cache/download/flat-cache-1.2.2.tgz#fa86714e72c21db88601761ecf2f555d1abc6b96"
  dependencies:
    circular-json "^0.3.1"
    del "^2.0.2"
    graceful-fs "^4.1.2"
    write "^0.2.1"

fresh@^0.3.0:
  version "0.3.0"
  resolved "https://r.cnpmjs.org/fresh/download/fresh-0.3.0.tgz#651f838e22424e7566de161d8358caa199f83d4f"

fs-extra@~0.30.0:
  version "0.30.0"
  resolved "https://r.cnpmjs.org/fs-extra/download/fs-extra-0.30.0.tgz#f233ffcc08d4da7d432daa449776989db1df93f0"
  dependencies:
    graceful-fs "^4.1.2"
    jsonfile "^2.1.0"
    klaw "^1.0.0"
    path-is-absolute "^1.0.0"
    rimraf "^2.2.8"

fs.realpath@^1.0.0:
  version "1.0.0"
  resolved "https://r.cnpmjs.org/fs.realpath/download/fs.realpath-1.0.0.tgz#1504ad2523158caa40db4a2787cb01411994ea4f"

generate-function@^2.0.0:
  version "2.0.0"
  resolved "https://r.cnpmjs.org/generate-function/download/generate-function-2.0.0.tgz#6858fe7c0969b7d4e9093337647ac79f60dfbe74"

generate-object-property@^1.1.0:
  version "1.2.0"
  resolved "https://r.cnpmjs.org/generate-object-property/download/generate-object-property-1.2.0.tgz#9c0e1c40308ce804f4783618b937fa88f99d50d0"
  dependencies:
    is-property "^1.0.0"

get-ready@~1.0.0:
  version "1.0.0"
  resolved "https://r.cnpmjs.org/get-ready/download/get-ready-1.0.0.tgz#f91817f1e9adecfea13a562adfc8de883ab34782"

glob@^7.0.3, glob@^7.0.5:
  version "7.1.1"
  resolved "https://r.cnpmjs.org/glob/download/glob-7.1.1.tgz#805211df04faaf1c63a3600306cdf5ade50b2ec8"
  dependencies:
    fs.realpath "^1.0.0"
    inflight "^1.0.4"
    inherits "2"
    minimatch "^3.0.2"
    once "^1.3.0"
    path-is-absolute "^1.0.0"

globals@^9.2.0:
  version "9.17.0"
  resolved "https://r.cnpmjs.org/globals/download/globals-9.17.0.tgz#0c0ca696d9b9bb694d2e5470bd37777caad50286"

globby@^5.0.0:
  version "5.0.0"
  resolved "https://r.cnpmjs.org/globby/download/globby-5.0.0.tgz#ebd84667ca0dbb330b99bcfc68eac2bc54370e0d"
  dependencies:
    array-union "^1.0.1"
    arrify "^1.0.0"
    glob "^7.0.3"
    object-assign "^4.0.1"
    pify "^2.0.0"
    pinkie-promise "^2.0.0"

graceful-fs@^4.1.2, graceful-fs@^4.1.6, graceful-fs@^4.1.9:
  version "4.1.11"
  resolved "https://r.cnpmjs.org/graceful-fs/download/graceful-fs-4.1.11.tgz#0e8bdfe4d1ddb8854d64e04ea7c00e2a026e5658"

"graceful-readlink@>= 1.0.0":
  version "1.0.1"
  resolved "https://r.cnpmjs.org/graceful-readlink/download/graceful-readlink-1.0.1.tgz#4cafad76bc62f02fa039b2f94e9a3dd3a391a725"

has-ansi@^2.0.0:
  version "2.0.0"
  resolved "https://r.cnpmjs.org/has-ansi/download/has-ansi-2.0.0.tgz#34f5049ce1ecdf2b0649af3ef24e45ed35416d91"
  dependencies:
    ansi-regex "^2.0.0"

hiredis@~0.5.0:
  version "0.5.0"
  resolved "https://r.cnpmjs.org/hiredis/download/hiredis-0.5.0.tgz#db03a98becd7003d13c260043aceecfacdf59b87"
  dependencies:
    bindings "^1.2.1"
    nan "^2.3.4"

http-assert@^1.1.0:
  version "1.2.0"
  resolved "https://r.cnpmjs.org/http-assert/download/http-assert-1.2.0.tgz#d6392e6f6519def4e340266b35096db6d3feba00"
  dependencies:
    deep-equal "~1.0.0"
    http-errors "~1.4.0"

http-errors@^1.2.8:
  version "1.6.1"
  resolved "https://r.cnpmjs.org/http-errors/download/http-errors-1.6.1.tgz#5f8b8ed98aca545656bf572997387f904a722257"
  dependencies:
    depd "1.1.0"
    inherits "2.0.3"
    setprototypeof "1.0.3"
    statuses ">= 1.3.1 < 2"

http-errors@~1.4.0:
  version "1.4.0"
  resolved "https://r.cnpmjs.org/http-errors/download/http-errors-1.4.0.tgz#6c0242dea6b3df7afda153c71089b31c6e82aabf"
  dependencies:
    inherits "2.0.1"
    statuses ">= 1.2.1 < 2"

iconv-lite@0.4.13:
  version "0.4.13"
  resolved "https://r.cnpmjs.org/iconv-lite/download/iconv-lite-0.4.13.tgz#1f88aba4ab0b1508e8312acc39345f36e992e2f2"

iconv-lite@~0.4.13:
  version "0.4.15"
  resolved "https://r.cnpmjs.org/iconv-lite/download/iconv-lite-0.4.15.tgz#fe265a218ac6a57cfe854927e9d04c19825eddeb"

ignore@^3.1.5:
  version "3.2.6"
  resolved "https://r.cnpmjs.org/ignore/download/ignore-3.2.6.tgz#26e8da0644be0bb4cb39516f6c79f0e0f4ffe48c"

imurmurhash@^0.1.4:
  version "0.1.4"
  resolved "https://r.cnpmjs.org/imurmurhash/download/imurmurhash-0.1.4.tgz#9218b9b2b928a238b13dc4fb6b6d576f231453ea"

inflation@~2.0.0:
  version "2.0.0"
  resolved "https://r.cnpmjs.org/inflation/download/inflation-2.0.0.tgz#8b417e47c28f925a45133d914ca1fd389107f30f"

inflection@~1.10.0:
  version "1.10.0"
  resolved "https://r.cnpmjs.org/inflection/download/inflection-1.10.0.tgz#5bffcb1197ad3e81050f8e17e21668087ee9eb2f"

inflight@^1.0.4:
  version "1.0.6"
  resolved "https://r.cnpmjs.org/inflight/download/inflight-1.0.6.tgz#49bd6331d7d02d0c09bc910a1075ba8165b56df9"
  dependencies:
    once "^1.3.0"
    wrappy "1"

inherits@2, inherits@2.0.3, inherits@^2.0.3, inherits@~2.0.1:
  version "2.0.3"
  resolved "https://r.cnpmjs.org/inherits/download/inherits-2.0.3.tgz#633c2c83e3da42a502f52466022480f4208261de"

inherits@2.0.1:
  version "2.0.1"
  resolved "https://r.cnpmjs.org/inherits/download/inherits-2.0.1.tgz#b17d08d326b4423e568eff719f91b0b1cbdf69f1"

inquirer@^0.12.0:
  version "0.12.0"
  resolved "https://r.cnpmjs.org/inquirer/download/inquirer-0.12.0.tgz#1ef2bfd63504df0bc75785fff8c2c41df12f077e"
  dependencies:
    ansi-escapes "^1.1.0"
    ansi-regex "^2.0.0"
    chalk "^1.0.0"
    cli-cursor "^1.0.1"
    cli-width "^2.0.0"
    figures "^1.3.5"
    lodash "^4.3.0"
    readline2 "^1.0.1"
    run-async "^0.1.0"
    rx-lite "^3.1.2"
    string-width "^1.0.1"
    strip-ansi "^3.0.0"
    through "^2.3.6"

is-class@~0.0.3:
  version "0.0.4"
  resolved "https://r.cnpmjs.org/is-class/download/is-class-0.0.4.tgz#e057451705bb34e39e3e33598c93a9837296b736"

is-fullwidth-code-point@^1.0.0:
  version "1.0.0"
  resolved "https://r.cnpmjs.org/is-fullwidth-code-point/download/is-fullwidth-code-point-1.0.0.tgz#ef9e31386f031a7f0d643af82fde50c457ef00cb"
  dependencies:
    number-is-nan "^1.0.0"

is-fullwidth-code-point@^2.0.0:
  version "2.0.0"
  resolved "https://r.cnpmjs.org/is-fullwidth-code-point/download/is-fullwidth-code-point-2.0.0.tgz#a3b30a5c4f199183167aaab93beefae3ddfb654f"

is-my-json-valid@^2.10.0:
  version "2.16.0"
  resolved "https://r.cnpmjs.org/is-my-json-valid/download/is-my-json-valid-2.16.0.tgz#f079dd9bfdae65ee2038aae8acbc86ab109e3693"
  dependencies:
    generate-function "^2.0.0"
    generate-object-property "^1.1.0"
    jsonpointer "^4.0.0"
    xtend "^4.0.0"

is-path-cwd@^1.0.0:
  version "1.0.0"
  resolved "https://r.cnpmjs.org/is-path-cwd/download/is-path-cwd-1.0.0.tgz#d225ec23132e89edd38fda767472e62e65f1106d"

is-path-in-cwd@^1.0.0:
  version "1.0.0"
  resolved "https://r.cnpmjs.org/is-path-in-cwd/download/is-path-in-cwd-1.0.0.tgz#6477582b8214d602346094567003be8a9eac04dc"
  dependencies:
    is-path-inside "^1.0.0"

is-path-inside@^1.0.0:
  version "1.0.0"
  resolved "https://r.cnpmjs.org/is-path-inside/download/is-path-inside-1.0.0.tgz#fc06e5a1683fbda13de667aff717bbc10a48f37f"
  dependencies:
    path-is-inside "^1.0.1"

is-property@^1.0.0:
  version "1.0.2"
  resolved "https://r.cnpmjs.org/is-property/download/is-property-1.0.2.tgz#57fe1c4e48474edd65b09911f26b1cd4095dda84"

is-resolvable@^1.0.0:
  version "1.0.0"
  resolved "https://r.cnpmjs.org/is-resolvable/download/is-resolvable-1.0.0.tgz#8df57c61ea2e3c501408d100fb013cf8d6e0cc62"
  dependencies:
    tryit "^1.0.1"

is-type-of@~1.0.0:
  version "1.0.0"
  resolved "https://r.cnpmjs.org/is-type-of/download/is-type-of-1.0.0.tgz#a506652e352751de88aeb41f20c1691de385e38c"
  dependencies:
    core-util-is "~1.0.1"
    is-class "~0.0.3"
    isstream "~0.1.2"

isarray@0.0.1:
  version "0.0.1"
  resolved "https://r.cnpmjs.org/isarray/download/isarray-0.0.1.tgz#8a18acfca9a8f4177e09abfc6038939b05d1eedf"

isarray@^1.0.0, isarray@~1.0.0:
  version "1.0.0"
  resolved "https://r.cnpmjs.org/isarray/download/isarray-1.0.0.tgz#bb935d48582cba168c06834957a54a3e07124f11"

isstream@~0.1.2:
  version "0.1.2"
  resolved "https://r.cnpmjs.org/isstream/download/isstream-0.1.2.tgz#47e63f7af55afa6f92e1500e690eb8b8529c099a"

js-yaml@^3.5.1:
  version "3.8.2"
  resolved "https://r.cnpmjs.org/js-yaml/download/js-yaml-3.8.2.tgz#02d3e2c0f6beab20248d412c352203827d786721"
  dependencies:
    argparse "^1.0.7"
    esprima "^3.1.1"

json-stable-stringify@^1.0.0, json-stable-stringify@^1.0.1:
  version "1.0.1"
  resolved "https://r.cnpmjs.org/json-stable-stringify/download/json-stable-stringify-1.0.1.tgz#9a759d39c5f2ff503fd5300646ed445f88c4f9af"
  dependencies:
    jsonify "~0.0.0"

jsonfile@^2.1.0:
  version "2.4.0"
  resolved "https://r.cnpmjs.org/jsonfile/download/jsonfile-2.4.0.tgz#3736a2b428b87bbda0cc83b53fa3d633a35c2ae8"
  optionalDependencies:
    graceful-fs "^4.1.6"

jsonify@~0.0.0:
  version "0.0.0"
  resolved "https://r.cnpmjs.org/jsonify/download/jsonify-0.0.0.tgz#2c74b6ee41d93ca51b7b5aaee8f503631d252a73"

jsonp-body@~1.0.0:
  version "1.0.0"
  resolved "https://r.cnpmjs.org/jsonp-body/download/jsonp-body-1.0.0.tgz#e610fb6fcea79cf0cc9f27baa7b56377d4b0bb36"

jsonpointer@^4.0.0:
  version "4.0.1"
  resolved "https://r.cnpmjs.org/jsonpointer/download/jsonpointer-4.0.1.tgz#4fd92cb34e0e9db3c89c8622ecf51f9b978c6cb9"

keygrip@~1.0.1:
  version "1.0.1"
  resolved "https://r.cnpmjs.org/keygrip/download/keygrip-1.0.1.tgz#b02fa4816eef21a8c4b35ca9e52921ffc89a30e9"

klaw@^1.0.0:
  version "1.3.1"
  resolved "https://r.cnpmjs.org/klaw/download/klaw-1.3.1.tgz#4088433b46b3b1ba259d78785d8e96f73ba02439"
  optionalDependencies:
    graceful-fs "^4.1.9"

koa-bodyparser@~2.2.0:
  version "2.2.0"
  resolved "https://r.cnpmjs.org/koa-bodyparser/download/koa-bodyparser-2.2.0.tgz#22c56cde53781dea0df7f075ddd20fe0a7c53037"
  dependencies:
    co-body "^4.2.0"
    copy-to "^2.0.1"

koa-compose@^2.3.0, koa-compose@~2.5.1:
  version "2.5.1"
  resolved "https://r.cnpmjs.org/koa-compose/download/koa-compose-2.5.1.tgz#726cfb17694de5cb9fbf03c0adf172303f83f156"

koa-conditional-get@~1.0.3:
  version "1.0.3"
  resolved "https://r.cnpmjs.org/koa-conditional-get/download/koa-conditional-get-1.0.3.tgz#91aa03f2888aec0ae2f636f18b0cd95f158510c7"

koa-csrf@~2.5.0:
  version "2.5.0"
  resolved "https://r.cnpmjs.org/koa-csrf/download/koa-csrf-2.5.0.tgz#e23de7c8e1d0cfe1ee7310eb2f3f2eca43dacf8e"
  dependencies:
    csrf "^3.0.0"

koa-etag@~2.1.1:
  version "2.1.1"
  resolved "https://r.cnpmjs.org/koa-etag/download/koa-etag-2.1.1.tgz#ab79894e027d0f09b1087a780e6babcca33af065"
  dependencies:
    etag "^1.3.0"
    mz "^2.1.0"

koa-favicon@~1.2.1:
  version "1.2.1"
  resolved "https://r.cnpmjs.org/koa-favicon/download/koa-favicon-1.2.1.tgz#c001a6db6da6d71272b93fb5b924c392194821d0"
  dependencies:
    mz "^2.0.0"

koa-generic-session@~1.11.3:
  version "1.11.5"
  resolved "https://r.cnpmjs.org/koa-generic-session/download/koa-generic-session-1.11.5.tgz#430467152ccfc6f81baa944bad8683dd37df24ff"
  dependencies:
    copy-to "~2.0.1"
    crc "~3.4.0"
    debug "*"
    parseurl "~1.3.1"
    uid-safe "~2.1.1"

koa-is-json@^1.0.0:
  version "1.0.0"
  resolved "https://r.cnpmjs.org/koa-is-json/download/koa-is-json-1.0.0.tgz#273c07edcdcb8df6a2c1ab7d59ee76491451ec14"

koa-redis@~2.1.2:
  version "2.1.3"
  resolved "https://r.cnpmjs.org/koa-redis/download/koa-redis-2.1.3.tgz#8fb4b17235abdc0e19f3996f90f690d9b25b2ed1"
  dependencies:
    co-redis "~2.1.1"
    debug "~2.3.3"
    redis "~2.6.3"
  optionalDependencies:
    hiredis "~0.5.0"

koa-response-time@~1.0.2:
  version "1.0.2"
  resolved "https://r.cnpmjs.org/koa-response-time/download/koa-response-time-1.0.2.tgz#35ea38df719fc7c1d2eddb8544a74b3650712884"

koa-sendfile@~2.0.0:
  version "2.0.0"
  resolved "https://r.cnpmjs.org/koa-sendfile/download/koa-sendfile-2.0.0.tgz#446e2a35ba7074ed03afda2c667c2359406e1082"
  dependencies:
    debug "*"
    etag "^1.5.1"
    mz "2"

koa-session@~3.4.0:
  version "3.4.0"
  resolved "https://r.cnpmjs.org/koa-session/download/koa-session-3.4.0.tgz#ce270291a4fcfbafe199abb64ccd9830e8c787bf"
  dependencies:
    debug "^2.2.0"
    deep-equal "^1.0.0"

koa@~1.2.4:
  version "1.2.5"
  resolved "https://r.cnpmjs.org/koa/download/koa-1.2.5.tgz#2b1bf59dc1f2fdd7b756e8a4f11a55eb57db6a09"
  dependencies:
    accepts "^1.2.2"
    co "^4.4.0"
    composition "^2.1.1"
    content-disposition "~0.5.0"
    content-type "^1.0.0"
    cookies "~0.6.1"
    debug "*"
    delegates "^1.0.0"
    destroy "^1.0.3"
    error-inject "~1.0.0"
    escape-html "~1.0.1"
    fresh "^0.3.0"
    http-assert "^1.1.0"
    http-errors "^1.2.8"
    koa-compose "^2.3.0"
    koa-is-json "^1.0.0"
    mime-types "^2.0.7"
    on-finished "^2.1.0"
    only "0.0.2"
    parseurl "^1.3.0"
    statuses "^1.2.0"
    type-is "^1.5.5"
    vary "^1.0.0"

levn@^0.3.0, levn@~0.3.0:
  version "0.3.0"
  resolved "https://r.cnpmjs.org/levn/download/levn-0.3.0.tgz#3b09924edf9f083c0490fdd4c0bc4421e04764ee"
  dependencies:
    prelude-ls "~1.1.2"
    type-check "~0.3.2"

lodash@^4.0.0, lodash@^4.3.0:
  version "4.17.4"
  resolved "https://r.cnpmjs.org/lodash/download/lodash-4.17.4.tgz#78203a4d1c328ae1d86dca6460e369b57f4055ae"

lodash@~4.16.4:
  version "4.16.6"
  resolved "https://r.cnpmjs.org/lodash/download/lodash-4.16.6.tgz#d22c9ac660288f3843e16ba7d2b5d06cca27d777"

media-typer@0.3.0:
  version "0.3.0"
  resolved "https://r.cnpmjs.org/media-typer/download/media-typer-0.3.0.tgz#8710d7af0aa626f8fffa1ce00168545263255748"

mime-db@~1.27.0:
  version "1.27.0"
  resolved "https://r.cnpmjs.org/mime-db/download/mime-db-1.27.0.tgz#820f572296bbd20ec25ed55e5b5de869e5436eb1"

mime-types@^2.0.7, mime-types@~2.1.11, mime-types@~2.1.13:
  version "2.1.15"
  resolved "https://r.cnpmjs.org/mime-types/download/mime-types-2.1.15.tgz#a4ebf5064094569237b8cf70046776d09fc92aed"
  dependencies:
    mime-db "~1.27.0"

minimatch@^3.0.2, minimatch@~3.0.0:
  version "3.0.3"
  resolved "https://r.cnpmjs.org/minimatch/download/minimatch-3.0.3.tgz#2a4e4090b96b2db06a9d7df01055a62a77c9b774"
  dependencies:
    brace-expansion "^1.0.0"

minimist@0.0.8:
  version "0.0.8"
  resolved "https://r.cnpmjs.org/minimist/download/minimist-0.0.8.tgz#857fcabfc3397d2625b8228262e86aa7a011b05d"

mkdirp@^0.5.0, mkdirp@^0.5.1:
  version "0.5.1"
  resolved "https://r.cnpmjs.org/mkdirp/download/mkdirp-0.5.1.tgz#30057438eac6cf7f8c4767f38648d6697d75c903"
  dependencies:
    minimist "0.0.8"

ms@0.7.1:
  version "0.7.1"
  resolved "https://r.cnpmjs.org/ms/download/ms-0.7.1.tgz#9cd13c03adbff25b65effde7ce864ee952017098"

ms@0.7.2:
  version "0.7.2"
  resolved "https://r.cnpmjs.org/ms/download/ms-0.7.2.tgz#ae25cf2512b3885a1d95d7f037868d8431124765"

mute-stream@0.0.5:
  version "0.0.5"
  resolved "https://r.cnpmjs.org/mute-stream/download/mute-stream-0.0.5.tgz#8fbfabb0a98a253d3184331f9e8deb7372fac6c0"

mz@2, mz@^2.0.0, mz@^2.1.0, mz@~2.4.0:
  version "2.4.0"
  resolved "https://r.cnpmjs.org/mz/download/mz-2.4.0.tgz#987ba9624d89395388c37cb4741e2caf4dd13b1a"
  dependencies:
    any-promise "^1.0.0"
    object-assign "^4.0.1"
    thenify-all "^1.0.0"

nan@^2.3.4:
  version "2.5.1"
  resolved "https://r.cnpmjs.org/nan/download/nan-2.5.1.tgz#d5b01691253326a97a2bbee9e61c55d8d60351e2"

natural-compare@^1.4.0:
  version "1.4.0"
  resolved "https://r.cnpmjs.org/natural-compare/download/natural-compare-1.4.0.tgz#4abebfeed7541f2c27acfb29bdbbd15c8d5ba4f7"

negotiator@0.6.1:
  version "0.6.1"
  resolved "https://r.cnpmjs.org/negotiator/download/negotiator-0.6.1.tgz#2b327184e8992101177b28563fb5e7102acd0ca9"

number-is-nan@^1.0.0:
  version "1.0.1"
  resolved "https://r.cnpmjs.org/number-is-nan/download/number-is-nan-1.0.1.tgz#097b602b53422a522c1afb8790318336941a011d"

object-assign@^4.0.1, object-assign@^4.1.0:
  version "4.1.1"
  resolved "https://r.cnpmjs.org/object-assign/download/object-assign-4.1.1.tgz#2109adc7965887cfc05cbbd442cac8bfbb360863"

on-finished@^2.1.0:
  version "2.3.0"
  resolved "https://r.cnpmjs.org/on-finished/download/on-finished-2.3.0.tgz#20f1336481b083cd75337992a16971aa2d906947"
  dependencies:
    ee-first "1.1.1"

once@^1.3.0, once@~1.3.2:
  version "1.3.3"
  resolved "https://r.cnpmjs.org/once/download/once-1.3.3.tgz#b2e261557ce4c314ec8304f3fa82663e4297ca20"
  dependencies:
    wrappy "1"

onetime@^1.0.0:
  version "1.1.0"
  resolved "https://r.cnpmjs.org/onetime/download/onetime-1.1.0.tgz#a1f7838f8314c516f05ecefcbc4ccfe04b4ed789"

only@0.0.2:
  version "0.0.2"
  resolved "https://r.cnpmjs.org/only/download/only-0.0.2.tgz#2afde84d03e50b9a8edc444e30610a70295edfb4"

optionator@^0.8.2:
  version "0.8.2"
  resolved "https://r.cnpmjs.org/optionator/download/optionator-0.8.2.tgz#364c5e409d3f4d6301d6c0b4c05bba50180aeb64"
  dependencies:
    deep-is "~0.1.3"
    fast-levenshtein "~2.0.4"
    levn "~0.3.0"
    prelude-ls "~1.1.2"
    type-check "~0.3.2"
    wordwrap "~1.0.0"

os-homedir@^1.0.0:
  version "1.0.2"
  resolved "https://r.cnpmjs.org/os-homedir/download/os-homedir-1.0.2.tgz#ffbc4988336e0e833de0c168c7ef152121aa7fb3"

output-formatter@~1.0.1, output-formatter@~1.0.2:
  version "1.0.2"
  resolved "https://r.cnpmjs.org/output-formatter/download/output-formatter-1.0.2.tgz#86e6564c327b4cc204599ff2e566218a221d4b63"

parseurl@^1.3.0, parseurl@~1.3.1:
  version "1.3.1"
  resolved "https://r.cnpmjs.org/parseurl/download/parseurl-1.3.1.tgz#c8ab8c9223ba34888aa64a297b28853bec18da56"

path-is-absolute@^1.0.0:
  version "1.0.1"
  resolved "https://r.cnpmjs.org/path-is-absolute/download/path-is-absolute-1.0.1.tgz#174b9268735534ffbc7ace6bf53a5a9e1b5c5f5f"

path-is-inside@^1.0.1:
  version "1.0.2"
  resolved "https://r.cnpmjs.org/path-is-inside/download/path-is-inside-1.0.2.tgz#365417dede44430d1c11af61027facf074bdfc53"

path-to-regexp@~1.2.1:
  version "1.2.1"
  resolved "https://r.cnpmjs.org/path-to-regexp/download/path-to-regexp-1.2.1.tgz#b33705c140234d873c8721c7b9fd8b541ed3aff9"
  dependencies:
    isarray "0.0.1"

path-to-regexp@~1.6.0:
  version "1.6.0"
  resolved "https://r.cnpmjs.org/path-to-regexp/download/path-to-regexp-1.6.0.tgz#4c59cfeab5e360a2657b180730a4bb4582ecec5b"
  dependencies:
    isarray "0.0.1"

pify@^2.0.0:
  version "2.3.0"
  resolved "https://r.cnpmjs.org/pify/download/pify-2.3.0.tgz#ed141a6ac043a849ea588498e7dca8b15330e90c"

pinkie-promise@^2.0.0:
  version "2.0.1"
  resolved "https://r.cnpmjs.org/pinkie-promise/download/pinkie-promise-2.0.1.tgz#2135d6dfa7a358c069ac9b178776288228450ffa"
  dependencies:
    pinkie "^2.0.0"

pinkie@^2.0.0:
  version "2.0.4"
  resolved "https://r.cnpmjs.org/pinkie/download/pinkie-2.0.4.tgz#72556b80cfa0d48a974e80e77248e80ed4f7f870"

plover-arttemplate@~3.0.0:
  version "3.0.1"
  resolved "https://r.cnpmjs.org/plover-arttemplate/download/plover-arttemplate-3.0.1.tgz#5508aafd2aa1f45d13bdbc30ec80545a122c14aa"
  dependencies:
    art-template-for-plover "~3.6.1"
    escape-html "~1.0.3"
    is-type-of "~1.0.0"

plover-assets-util@~1.4.0:
  version "1.4.0"
  resolved "https://r.cnpmjs.org/plover-assets-util/download/plover-assets-util-1.4.0.tgz#d64513e75cbc83152f37361eb10ae0368fbca9cf"
  dependencies:
    debug "~2.2.0"
    minimatch "~3.0.0"

plover-assets-vendor@~1.0.3:
  version "1.0.5"
  resolved "https://r.cnpmjs.org/plover-assets-vendor/download/plover-assets-vendor-1.0.5.tgz#748e9bbb2b0b3abf44909ff4ea5192037f01cd54"
  dependencies:
    debug "~2.2.0"
    resolve-from "~2.0.0"

plover-assets@~2.4.0:
  version "2.4.0"
  resolved "https://r.cnpmjs.org/plover-assets/download/plover-assets-2.4.0.tgz#8a52b8cc596c5800575f90a73539382b1ba2294a"
  dependencies:
    co "~4.6.0"
    commander "~2.9.0"
    create-tag "~0.2.0"
    debug "~2.2.0"
    fs-extra "~0.30.0"
    is-type-of "~1.0.0"
    koa-sendfile "~2.0.0"
    lodash "~4.16.4"
    minimatch "~3.0.0"
    mz "~2.4.0"
    plover-assets-util "~1.4.0"
    plover-logger "~1.4.0"
    plover-module-resolver "~1.6.5"
    plover-util "~1.5.1"

plover-benchmark@~1.1.0:
  version "1.1.0"
  resolved "https://r.cnpmjs.org/plover-benchmark/download/plover-benchmark-1.1.0.tgz#0ad79dcc7ee6c4ba7bd219d0928dd75a9f0d1dad"
  dependencies:
    output-formatter "~1.0.2"
    plover-logger "~1.4.1"

plover-ejs@~1.1.0:
  version "1.1.0"
  resolved "https://r.cnpmjs.org/plover-ejs/download/plover-ejs-1.1.0.tgz#be6cf165c23f0d22357648375d503ce3fcaa3833"
  dependencies:
    ejs "~2.5.2"

plover-logger@~1.4.0, plover-logger@~1.4.1:
  version "1.4.4"
  resolved "https://r.cnpmjs.org/plover-logger/download/plover-logger-1.4.4.tgz#2da141ecd8556f46ee3f3865aeb5151de256ce30"
  dependencies:
    debug "~2.6.1"

plover-module-resolver@~1.6.5:
  version "1.6.7"
  resolved "https://r.cnpmjs.org/plover-module-resolver/download/plover-module-resolver-1.6.7.tgz#aa40e0d323f6da878db48d5c5259177ad91f30f9"
  dependencies:
    debug "~2.6.1"
    resolve-from "~2.0.0"
    semver "~5.3.0"

plover-router@~1.1.0:
  version "1.1.1"
  resolved "https://r.cnpmjs.org/plover-router/download/plover-router-1.1.1.tgz#16ccb9b3247d76d35d2f2c3a6b03d506067c8a82"
  dependencies:
    inflection "~1.10.0"

plover-util@~1.5.1:
  version "1.5.1"
  resolved "https://r.cnpmjs.org/plover-util/download/plover-util-1.5.1.tgz#9bbb22074f69f76fdaab2481b12f597cb64e3624"
  dependencies:
    is-type-of "~1.0.0"

plover-web@~1.2.0:
  version "1.2.0"
  resolved "https://r.cnpmjs.org/plover-web/download/plover-web-1.2.0.tgz#c8eaa2e80a984df1979e6647e2c7193758d2453d"
  dependencies:
    debug "~2.2.0"
    iconv-lite "~0.4.13"
    koa-bodyparser "~2.2.0"
    koa-conditional-get "~1.0.3"
    koa-csrf "~2.5.0"
    koa-etag "~2.1.1"
    koa-favicon "~1.2.1"
    koa-generic-session "~1.11.3"
    koa-redis "~2.1.2"
    koa-response-time "~1.0.2"
    koa-session "~3.4.0"
    path-to-regexp "~1.6.0"
    plover-logger "~1.4.0"
    qs "~6.3.0"

plover-xview@~1.2.0:
  version "1.2.1"
  resolved "https://r.cnpmjs.org/plover-xview/download/plover-xview-1.2.1.tgz#da666d0d3490e4ce13ce07b446cda01b9874f479"
  dependencies:
    create-tag "~0.2.0"
    escape-html "~1.0.3"
    plover-util "~1.5.1"

plover@~2.8.4:
  version "2.8.4"
  resolved "https://r.cnpmjs.org/plover/download/plover-2.8.4.tgz#07fb0ae9e09e96d043fef49ccfcce3fa8ac4f9f3"
  dependencies:
    antsort "~1.1.2"
    co "~4.6.0"
    delegates "~1.0.0"
    depd "~1.1.0"
    escape-html "~1.0.3"
    is-type-of "~1.0.0"
    jsonp-body "~1.0.0"
    koa "~1.2.4"
    koa-compose "~2.5.1"
    mz "~2.4.0"
    output-formatter "~1.0.1"
    path-to-regexp "~1.2.1"
    plover-logger "~1.4.0"
    plover-module-resolver "~1.6.5"
    plover-util "~1.5.1"
    ready-callback "~1.0.0"
    resolve-from "~2.0.0"

ploverx@~2.1.0:
  version "2.1.2"
  resolved "https://r.cnpmjs.org/ploverx/download/ploverx-2.1.2.tgz#f537091f623d74a60564ba3faa26da4b63144710"
  dependencies:
    plover "~2.8.4"
    plover-arttemplate "~3.0.0"
    plover-assets "~2.4.0"
    plover-assets-vendor "~1.0.3"
    plover-benchmark "~1.1.0"
    plover-ejs "~1.1.0"
    plover-router "~1.1.0"
    plover-web "~1.2.0"
    plover-xview "~1.2.0"

pluralize@^1.2.1:
  version "1.2.1"
  resolved "https://r.cnpmjs.org/pluralize/download/pluralize-1.2.1.tgz#d1a21483fd22bb41e58a12fa3421823140897c45"

prelude-ls@~1.1.2:
  version "1.1.2"
  resolved "https://r.cnpmjs.org/prelude-ls/download/prelude-ls-1.1.2.tgz#21932a549f5e52ffd9a827f570e04be62a97da54"

process-nextick-args@~1.0.6:
  version "1.0.7"
  resolved "https://r.cnpmjs.org/process-nextick-args/download/process-nextick-args-1.0.7.tgz#150e20b756590ad3f91093f25a4f2ad8bff30ba3"

progress@^1.1.8:
  version "1.1.8"
  resolved "https://r.cnpmjs.org/progress/download/progress-1.1.8.tgz#e260c78f6161cdd9b0e56cc3e0a85de17c7a57be"

qs@~4.0.0:
  version "4.0.0"
  resolved "https://r.cnpmjs.org/qs/download/qs-4.0.0.tgz#c31d9b74ec27df75e543a86c78728ed8d4623607"

qs@~6.3.0:
  version "6.3.2"
  resolved "https://r.cnpmjs.org/qs/download/qs-6.3.2.tgz#e75bd5f6e268122a2a0e0bda630b2550c166502c"

random-bytes@~1.0.0:
  version "1.0.0"
  resolved "https://r.cnpmjs.org/random-bytes/download/random-bytes-1.0.0.tgz#4f68a1dc0ae58bd3fb95848c30324db75d64360b"

raw-body@~2.1.2:
  version "2.1.7"
  resolved "https://r.cnpmjs.org/raw-body/download/raw-body-2.1.7.tgz#adfeace2e4fb3098058014d08c072dcc59758774"
  dependencies:
    bytes "2.4.0"
    iconv-lite "0.4.13"
    unpipe "1.0.0"

readable-stream@^2.2.2:
  version "2.2.6"
  resolved "https://r.cnpmjs.org/readable-stream/download/readable-stream-2.2.6.tgz#8b43aed76e71483938d12a8d46c6cf1a00b1f816"
  dependencies:
    buffer-shims "^1.0.0"
    core-util-is "~1.0.0"
    inherits "~2.0.1"
    isarray "~1.0.0"
    process-nextick-args "~1.0.6"
    string_decoder "~0.10.x"
    util-deprecate "~1.0.1"

readline2@^1.0.1:
  version "1.0.1"
  resolved "https://r.cnpmjs.org/readline2/download/readline2-1.0.1.tgz#41059608ffc154757b715d9989d199ffbf372e35"
  dependencies:
    code-point-at "^1.0.0"
    is-fullwidth-code-point "^1.0.0"
    mute-stream "0.0.5"

ready-callback@~1.0.0:
  version "1.0.0"
  resolved "https://r.cnpmjs.org/ready-callback/download/ready-callback-1.0.0.tgz#d467e8f65b6cd218a8343f36a31f7024b750293d"
  dependencies:
    debug "~2.2.0"
    extend "~3.0.0"
    get-ready "~1.0.0"
    once "~1.3.2"
    uuid "~2.0.1"

redis-commands@^1.2.0:
  version "1.3.1"
  resolved "https://r.cnpmjs.org/redis-commands/download/redis-commands-1.3.1.tgz#81d826f45fa9c8b2011f4cd7a0fe597d241d442b"

redis-parser@^2.0.0:
  version "2.5.0"
  resolved "https://r.cnpmjs.org/redis-parser/download/redis-parser-2.5.0.tgz#79fc2b1d4a6e4d2870b35368433639271fca2617"

redis@~2.6.3:
  version "2.6.5"
  resolved "https://r.cnpmjs.org/redis/download/redis-2.6.5.tgz#87c1eff4a489f94b70871f3d08b6988f23a95687"
  dependencies:
    double-ended-queue "^2.1.0-0"
    redis-commands "^1.2.0"
    redis-parser "^2.0.0"

require-uncached@^1.0.2:
  version "1.0.3"
  resolved "https://r.cnpmjs.org/require-uncached/download/require-uncached-1.0.3.tgz#4e0d56d6c9662fd31e43011c4b95aa49955421d3"
  dependencies:
    caller-path "^0.1.0"
    resolve-from "^1.0.0"

resolve-from@^1.0.0:
  version "1.0.1"
  resolved "https://r.cnpmjs.org/resolve-from/download/resolve-from-1.0.1.tgz#26cbfe935d1aeeeabb29bc3fe5aeb01e93d44226"

resolve-from@~2.0.0:
  version "2.0.0"
  resolved "https://r.cnpmjs.org/resolve-from/download/resolve-from-2.0.0.tgz#9480ab20e94ffa1d9e80a804c7ea147611966b57"

restore-cursor@^1.0.1:
  version "1.0.1"
  resolved "https://r.cnpmjs.org/restore-cursor/download/restore-cursor-1.0.1.tgz#34661f46886327fed2991479152252df92daa541"
  dependencies:
    exit-hook "^1.0.0"
    onetime "^1.0.0"

rimraf@^2.2.8:
  version "2.6.1"
  resolved "https://r.cnpmjs.org/rimraf/download/rimraf-2.6.1.tgz#c2338ec643df7a1b7fe5c54fa86f57428a55f33d"
  dependencies:
    glob "^7.0.5"

rndm@1.2.0:
  version "1.2.0"
  resolved "https://r.cnpmjs.org/rndm/download/rndm-1.2.0.tgz#f33fe9cfb52bbfd520aa18323bc65db110a1b76c"

run-async@^0.1.0:
  version "0.1.0"
  resolved "https://r.cnpmjs.org/run-async/download/run-async-0.1.0.tgz#c8ad4a5e110661e402a7d21b530e009f25f8e389"
  dependencies:
    once "^1.3.0"

rx-lite@^3.1.2:
  version "3.1.2"
  resolved "https://r.cnpmjs.org/rx-lite/download/rx-lite-3.1.2.tgz#19ce502ca572665f3b647b10939f97fd1615f102"

semver@~5.3.0:
  version "5.3.0"
  resolved "https://r.cnpmjs.org/semver/download/semver-5.3.0.tgz#9b2ce5d3de02d17c6012ad326aa6b4d0cf54f94f"

setprototypeof@1.0.3:
  version "1.0.3"
  resolved "https://r.cnpmjs.org/setprototypeof/download/setprototypeof-1.0.3.tgz#66567e37043eeb4f04d91bd658c0cbefb55b8e04"

shelljs@^0.6.0:
  version "0.6.1"
  resolved "https://r.cnpmjs.org/shelljs/download/shelljs-0.6.1.tgz#ec6211bed1920442088fe0f70b2837232ed2c8a8"

slice-ansi@0.0.4:
  version "0.0.4"
  resolved "https://r.cnpmjs.org/slice-ansi/download/slice-ansi-0.0.4.tgz#edbf8903f66f7ce2f8eafd6ceed65e264c831b35"

sprintf-js@~1.0.2:
  version "1.0.3"
  resolved "https://r.cnpmjs.org/sprintf-js/download/sprintf-js-1.0.3.tgz#04e6926f662895354f3dd015203633b857297e2c"

"statuses@>= 1.2.1 < 2", "statuses@>= 1.3.1 < 2", statuses@^1.2.0:
  version "1.3.1"
  resolved "https://r.cnpmjs.org/statuses/download/statuses-1.3.1.tgz#faf51b9eb74aaef3b3acf4ad5f61abf24cb7b93e"

string-width@^1.0.1:
  version "1.0.2"
  resolved "https://r.cnpmjs.org/string-width/download/string-width-1.0.2.tgz#118bdf5b8cdc51a2a7e70d211e07e2b0b9b107d3"
  dependencies:
    code-point-at "^1.0.0"
    is-fullwidth-code-point "^1.0.0"
    strip-ansi "^3.0.0"

string-width@^2.0.0:
  version "2.0.0"
  resolved "https://r.cnpmjs.org/string-width/download/string-width-2.0.0.tgz#635c5436cc72a6e0c387ceca278d4e2eec52687e"
  dependencies:
    is-fullwidth-code-point "^2.0.0"
    strip-ansi "^3.0.0"

string_decoder@~0.10.x:
  version "0.10.31"
  resolved "https://r.cnpmjs.org/string_decoder/download/string_decoder-0.10.31.tgz#62e203bc41766c6c28c9fc84301dab1c5310fa94"

strip-ansi@^3.0.0:
  version "3.0.1"
  resolved "https://r.cnpmjs.org/strip-ansi/download/strip-ansi-3.0.1.tgz#6a385fb8853d952d5ff05d0e8aaf94278dc63dcf"
  dependencies:
    ansi-regex "^2.0.0"

strip-bom@^3.0.0:
  version "3.0.0"
  resolved "https://r.cnpmjs.org/strip-bom/download/strip-bom-3.0.0.tgz#2334c18e9c759f7bdd56fdef7e9ae3d588e68ed3"

strip-json-comments@~1.0.1:
  version "1.0.4"
  resolved "https://r.cnpmjs.org/strip-json-comments/download/strip-json-comments-1.0.4.tgz#1e15fbcac97d3ee99bf2d73b4c656b082bbafb91"

supports-color@^2.0.0:
  version "2.0.0"
  resolved "https://r.cnpmjs.org/supports-color/download/supports-color-2.0.0.tgz#535d045ce6b6363fa40117084629995e9df324c7"

table@^3.7.8:
  version "3.8.3"
  resolved "https://r.cnpmjs.org/table/download/table-3.8.3.tgz#2bbc542f0fda9861a755d3947fefd8b3f513855f"
  dependencies:
    ajv "^4.7.0"
    ajv-keywords "^1.0.0"
    chalk "^1.1.1"
    lodash "^4.0.0"
    slice-ansi "0.0.4"
    string-width "^2.0.0"

text-table@~0.2.0:
  version "0.2.0"
  resolved "https://r.cnpmjs.org/text-table/download/text-table-0.2.0.tgz#7f5ee823ae805207c00af2df4a84ec3fcfa570b4"

thenify-all@^1.0.0:
  version "1.6.0"
  resolved "https://r.cnpmjs.org/thenify-all/download/thenify-all-1.6.0.tgz#1a1918d402d8fc3f98fbf234db0bcc8cc10e9726"
  dependencies:
    thenify ">= 3.1.0 < 4"

"thenify@>= 3.1.0 < 4":
  version "3.2.1"
  resolved "https://r.cnpmjs.org/thenify/download/thenify-3.2.1.tgz#251fd1c80aff6e5cf57cb179ab1fcb724269bd11"
  dependencies:
    any-promise "^1.0.0"

through@^2.3.6:
  version "2.3.8"
  resolved "https://r.cnpmjs.org/through/download/through-2.3.8.tgz#0dd4c9ffaabc357960b1b724115d7e0e86a2e1f5"

tryit@^1.0.1:
  version "1.0.3"
  resolved "https://r.cnpmjs.org/tryit/download/tryit-1.0.3.tgz#393be730a9446fd1ead6da59a014308f36c289cb"

tsscmp@1.0.5:
  version "1.0.5"
  resolved "https://r.cnpmjs.org/tsscmp/download/tsscmp-1.0.5.tgz#7dc4a33af71581ab4337da91d85ca5427ebd9a97"

type-check@~0.3.2:
  version "0.3.2"
  resolved "https://r.cnpmjs.org/type-check/download/type-check-0.3.2.tgz#5884cab512cf1d355e3fb784f30804b2b520db72"
  dependencies:
    prelude-ls "~1.1.2"

type-is@^1.5.5, type-is@~1.6.6:
  version "1.6.14"
  resolved "https://r.cnpmjs.org/type-is/download/type-is-1.6.14.tgz#e219639c17ded1ca0789092dd54a03826b817cb2"
  dependencies:
    media-typer "0.3.0"
    mime-types "~2.1.13"

typedarray@^0.0.6:
  version "0.0.6"
  resolved "https://r.cnpmjs.org/typedarray/download/typedarray-0.0.6.tgz#867ac74e3864187b1d3d47d996a78ec5c8830777"

uid-safe@2.1.4, uid-safe@~2.1.1:
  version "2.1.4"
  resolved "https://r.cnpmjs.org/uid-safe/download/uid-safe-2.1.4.tgz#3ad6f38368c6d4c8c75ec17623fb79aa1d071d81"
  dependencies:
    random-bytes "~1.0.0"

unpipe@1.0.0:
  version "1.0.0"
  resolved "https://r.cnpmjs.org/unpipe/download/unpipe-1.0.0.tgz#b2bf4ee8514aae6165b4817829d21b2ef49904ec"

user-home@^2.0.0:
  version "2.0.0"
  resolved "https://r.cnpmjs.org/user-home/download/user-home-2.0.0.tgz#9c70bfd8169bc1dcbf48604e0f04b8b49cde9e9f"
  dependencies:
    os-homedir "^1.0.0"

util-deprecate@~1.0.1:
  version "1.0.2"
  resolved "https://r.cnpmjs.org/util-deprecate/download/util-deprecate-1.0.2.tgz#450d4dc9fa70de732762fbd2d4a28981419a0ccf"

uuid@~2.0.1:
  version "2.0.3"
  resolved "https://r.cnpmjs.org/uuid/download/uuid-2.0.3.tgz#67e2e863797215530dff318e5bf9dcebfd47b21a"

vary@^1.0.0:
  version "1.1.1"
  resolved "https://r.cnpmjs.org/vary/download/vary-1.1.1.tgz#67535ebb694c1d52257457984665323f587e8d37"

wordwrap@~1.0.0:
  version "1.0.0"
  resolved "https://r.cnpmjs.org/wordwrap/download/wordwrap-1.0.0.tgz#27584810891456a4171c8d0226441ade90cbcaeb"

wrappy@1:
  version "1.0.2"
  resolved "https://r.cnpmjs.org/wrappy/download/wrappy-1.0.2.tgz#b5243d8f3ec1aa35f1364605bc0d1036e30ab69f"

write@^0.2.1:
  version "0.2.1"
  resolved "https://r.cnpmjs.org/write/download/write-0.2.1.tgz#5fc03828e264cea3fe91455476f7a3c566cb0757"
  dependencies:
    mkdirp "^0.5.1"

xtend@^4.0.0:
  version "4.0.1"
  resolved "https://r.cnpmjs.org/xtend/download/xtend-4.0.1.tgz#a5c6d532be656e23db820efb943a1f04998d63af"
